
Microsoft Visual Studio Solution File, Format Version 12.00
# Visual Studio 15
VisualStudioVersion = 15.0.27703.2042
MinimumVisualStudioVersion = 10.0.40219.1
Project("{FAE04EC0-301F-11D3-BF4B-00C04F79EFBC}") = "UniToLua", "UniToLua\UniToLua.csproj", "{C25D68A4-1F03-4BFE-BD74-01EA2F82FB02}"
EndProject
Project("{FAE04EC0-301F-11D3-BF4B-00C04F79EFBC}") = "TestUniToLua", "TestUniToLua\TestUniToLua.csproj", "{3C3A1929-028B-47C7-B042-FCF8E0D91E5F}"
EndProject
Project("{FAE04EC0-301F-11D3-BF4B-00C04F79EFBC}") = "UniToLuaGener", "UniToLuaGener\UniToLuaGener.csproj", "{AB36F82A-F429-4B1C-85B5-7A985FF09A06}"
EndProject
Global
	GlobalSection(SolutionConfigurationPlatforms) = preSolution
		Debug|Any CPU = Debug|Any CPU
		Release|Any CPU = Release|Any CPU
	EndGlobalSection
	GlobalSection(ProjectConfigurationPlatforms) = postSolution
		{C25D68A4-1F03-4BFE-BD74-01EA2F82FB02}.Debug|Any CPU.ActiveCfg = Debug|Any CPU
		{C25D68A4-1F03-4BFE-BD74-01EA2F82FB02}.Debug|Any CPU.Build.0 = Debug|Any CPU
		{C25D68A4-1F03-4BFE-BD74-01EA2F82FB02}.Release|Any CPU.ActiveCfg = Release|Any CPU
		{C25D68A4-1F03-4BFE-BD74-01EA2F82FB02}.Release|Any CPU.Build.0 = Release|Any CPU
		{3C3A1929-028B-47C7-B042-FCF8E0D91E5F}.Debug|Any CPU.ActiveCfg = Debug|Any CPU
		{3C3A1929-028B-47C7-B042-FCF8E0D91E5F}.Debug|Any CPU.Build.0 = Debug|Any CPU
		{3C3A1929-028B-47C7-B042-FCF8E0D91E5F}.Release|Any CPU.ActiveCfg = Release|Any CPU
		{3C3A1929-028B-47C7-B042-FCF8E0D91E5F}.Release|Any CPU.Build.0 = Release|Any CPU
		{AB36F82A-F429-4B1C-85B5-7A985FF09A06}.Debug|Any CPU.ActiveCfg = Debug|Any CPU
		{AB36F82A-F429-4B1C-85B5-7A985FF09A06}.Debug|Any CPU.Build.0 = Debug|Any CPU
		{AB36F82A-F429-4B1C-85B5-7A985FF09A06}.Release|Any CPU.ActiveCfg = Release|Any CPU
		{AB36F82A-F429-4B1C-85B5-7A985FF09A06}.Release|Any CPU.Build.0 = Release|Any CPU
	EndGlobalSection
	GlobalSection(SolutionProperties) = preSolution
		HideSolutionNode = FALSE
	EndGlobalSection
	GlobalSection(ExtensibilityGlobals) = postSolution
		SolutionGuid = {A52FDE54-E630-43A4-8552-F374EE41726C}
	EndGlobalSection
EndGlobal
